// !$*UTF8*$!
{
	archiveVersion = 1;
	classes = {
	};
	objectVersion = 50;
	objects = {

/* Begin PBXBuildFile section */
		2697CF21235F786200C8FB5A /* ListenNotesAPI.framework in Frameworks */ = {isa = PBXBuildFile; fileRef = 2697CF17235F786200C8FB5A /* ListenNotesAPI.framework */; };
		2697CF26235F786200C8FB5A /* ListenNotesAPITests.swift in Sources */ = {isa = PBXBuildFile; fileRef = 2697CF25235F786200C8FB5A /* ListenNotesAPITests.swift */; };
		2697CF28235F786200C8FB5A /* ListenNotesAPI.h in Headers */ = {isa = PBXBuildFile; fileRef = 2697CF1A235F786200C8FB5A /* ListenNotesAPI.h */; settings = {ATTRIBUTES = (Public, ); }; };
		2697CF32235F787A00C8FB5A /* LNPodcast.swift in Sources */ = {isa = PBXBuildFile; fileRef = 2697CF31235F787A00C8FB5A /* LNPodcast.swift */; };
		2697CF34235F7B6300C8FB5A /* LNEpisode.swift in Sources */ = {isa = PBXBuildFile; fileRef = 2697CF33235F7B6300C8FB5A /* LNEpisode.swift */; };
		2697CF36235F7D6500C8FB5A /* LNPodcast+Extensions.swift in Sources */ = {isa = PBXBuildFile; fileRef = 2697CF35235F7D6500C8FB5A /* LNPodcast+Extensions.swift */; };
		2697CF38235F7D6F00C8FB5A /* LNEpisode+Extensions.swift in Sources */ = {isa = PBXBuildFile; fileRef = 2697CF37235F7D6F00C8FB5A /* LNEpisode+Extensions.swift */; };
		2697CF3A235F7EE900C8FB5A /* LNGenre.swift in Sources */ = {isa = PBXBuildFile; fileRef = 2697CF39235F7EE900C8FB5A /* LNGenre.swift */; };
		2697CF3E235F7F6E00C8FB5A /* LNRegion.swift in Sources */ = {isa = PBXBuildFile; fileRef = 2697CF3D235F7F6E00C8FB5A /* LNRegion.swift */; };
		2697CF40235F7FC600C8FB5A /* LNTypeahead.swift in Sources */ = {isa = PBXBuildFile; fileRef = 2697CF3F235F7FC600C8FB5A /* LNTypeahead.swift */; };
		2697CF42235F803500C8FB5A /* LNSearchResults.swift in Sources */ = {isa = PBXBuildFile; fileRef = 2697CF41235F803500C8FB5A /* LNSearchResults.swift */; };
		2697CF44235F810E00C8FB5A /* ListenNotesAPI.swift in Sources */ = {isa = PBXBuildFile; fileRef = 2697CF43235F810E00C8FB5A /* ListenNotesAPI.swift */; };
		2697CF46235F81E900C8FB5A /* LNError.swift in Sources */ = {isa = PBXBuildFile; fileRef = 2697CF45235F81E900C8FB5A /* LNError.swift */; };
		2697CF48235F833D00C8FB5A /* LNEndpoint.swift in Sources */ = {isa = PBXBuildFile; fileRef = 2697CF47235F833D00C8FB5A /* LNEndpoint.swift */; };
		2697CF4A235F8A2300C8FB5A /* HTTPMethod.swift in Sources */ = {isa = PBXBuildFile; fileRef = 2697CF49235F8A2300C8FB5A /* HTTPMethod.swift */; };
		2697CF4C235F8B0A00C8FB5A /* ListenNotesAPI+Config.swift in Sources */ = {isa = PBXBuildFile; fileRef = 2697CF4B235F8B0A00C8FB5A /* ListenNotesAPI+Config.swift */; };
		2697CF4E235F8D9600C8FB5A /* LNService.swift in Sources */ = {isa = PBXBuildFile; fileRef = 2697CF4D235F8D9600C8FB5A /* LNService.swift */; };
		2697CF53235F983A00C8FB5A /* LNSearchFilter.swift in Sources */ = {isa = PBXBuildFile; fileRef = 2697CF51235F983A00C8FB5A /* LNSearchFilter.swift */; };
		2697CF5A235FBA5000C8FB5A /* Secrets.swift in Sources */ = {isa = PBXBuildFile; fileRef = 2697CF59235FBA5000C8FB5A /* Secrets.swift */; };
		2697CF5C235FC33500C8FB5A /* LNPodcastExtras.swift in Sources */ = {isa = PBXBuildFile; fileRef = 2697CF5B235FC33500C8FB5A /* LNPodcastExtras.swift */; };
		2697CF5E2360ABD900C8FB5A /* ListenNotesAPI+Podcasts.swift in Sources */ = {isa = PBXBuildFile; fileRef = 2697CF5D2360ABD900C8FB5A /* ListenNotesAPI+Podcasts.swift */; };
		2697CF622360AC2000C8FB5A /* ListenNotesAPI+Regions.swift in Sources */ = {isa = PBXBuildFile; fileRef = 2697CF612360AC2000C8FB5A /* ListenNotesAPI+Regions.swift */; };
		2697CF642360AC2F00C8FB5A /* ListenNotesAPI+Genres.swift in Sources */ = {isa = PBXBuildFile; fileRef = 2697CF632360AC2F00C8FB5A /* ListenNotesAPI+Genres.swift */; };
		2697CF662360AC3800C8FB5A /* ListenNotesAPI+Languages.swift in Sources */ = {isa = PBXBuildFile; fileRef = 2697CF652360AC3800C8FB5A /* ListenNotesAPI+Languages.swift */; };
		2697CF682360AC4100C8FB5A /* ListenNotesAPI+Search.swift in Sources */ = {isa = PBXBuildFile; fileRef = 2697CF672360AC4100C8FB5A /* ListenNotesAPI+Search.swift */; };
		2697CF6A2360AC4900C8FB5A /* ListenNotesAPI+Episodes.swift in Sources */ = {isa = PBXBuildFile; fileRef = 2697CF692360AC4900C8FB5A /* ListenNotesAPI+Episodes.swift */; };
		2697CF6D2360B09F00C8FB5A /* Convert.swift in Sources */ = {isa = PBXBuildFile; fileRef = 2697CF6C2360B09F00C8FB5A /* Convert.swift */; };
/* End PBXBuildFile section */

/* Begin PBXContainerItemProxy section */
		2697CF22235F786200C8FB5A /* PBXContainerItemProxy */ = {
			isa = PBXContainerItemProxy;
			containerPortal = 2697CF0E235F786100C8FB5A /* Project object */;
			proxyType = 1;
			remoteGlobalIDString = 2697CF16235F786200C8FB5A;
			remoteInfo = ListenNotesAPI;
		};
/* End PBXContainerItemProxy section */

/* Begin PBXFileReference section */
		2697CF17235F786200C8FB5A /* ListenNotesAPI.framework */ = {isa = PBXFileReference; explicitFileType = wrapper.framework; includeInIndex = 0; path = ListenNotesAPI.framework; sourceTree = BUILT_PRODUCTS_DIR; };
		2697CF1A235F786200C8FB5A /* ListenNotesAPI.h */ = {isa = PBXFileReference; lastKnownFileType = sourcecode.c.h; path = ListenNotesAPI.h; sourceTree = "<group>"; };
		2697CF1B235F786200C8FB5A /* Info.plist */ = {isa = PBXFileReference; lastKnownFileType = text.plist.xml; path = Info.plist; sourceTree = "<group>"; };
		2697CF20235F786200C8FB5A /* ListenNotesAPITests.xctest */ = {isa = PBXFileReference; explicitFileType = wrapper.cfbundle; includeInIndex = 0; path = ListenNotesAPITests.xctest; sourceTree = BUILT_PRODUCTS_DIR; };
		2697CF25235F786200C8FB5A /* ListenNotesAPITests.swift */ = {isa = PBXFileReference; lastKnownFileType = sourcecode.swift; path = ListenNotesAPITests.swift; sourceTree = "<group>"; };
		2697CF27235F786200C8FB5A /* Info.plist */ = {isa = PBXFileReference; lastKnownFileType = text.plist.xml; path = Info.plist; sourceTree = "<group>"; };
		2697CF31235F787A00C8FB5A /* LNPodcast.swift */ = {isa = PBXFileReference; lastKnownFileType = sourcecode.swift; path = LNPodcast.swift; sourceTree = "<group>"; };
		2697CF33235F7B6300C8FB5A /* LNEpisode.swift */ = {isa = PBXFileReference; lastKnownFileType = sourcecode.swift; path = LNEpisode.swift; sourceTree = "<group>"; };
		2697CF35235F7D6500C8FB5A /* LNPodcast+Extensions.swift */ = {isa = PBXFileReference; lastKnownFileType = sourcecode.swift; path = "LNPodcast+Extensions.swift"; sourceTree = "<group>"; };
		2697CF37235F7D6F00C8FB5A /* LNEpisode+Extensions.swift */ = {isa = PBXFileReference; lastKnownFileType = sourcecode.swift; path = "LNEpisode+Extensions.swift"; sourceTree = "<group>"; };
		2697CF39235F7EE900C8FB5A /* LNGenre.swift */ = {isa = PBXFileReference; lastKnownFileType = sourcecode.swift; path = LNGenre.swift; sourceTree = "<group>"; };
		2697CF3D235F7F6E00C8FB5A /* LNRegion.swift */ = {isa = PBXFileReference; lastKnownFileType = sourcecode.swift; path = LNRegion.swift; sourceTree = "<group>"; };
		2697CF3F235F7FC600C8FB5A /* LNTypeahead.swift */ = {isa = PBXFileReference; lastKnownFileType = sourcecode.swift; path = LNTypeahead.swift; sourceTree = "<group>"; };
		2697CF41235F803500C8FB5A /* LNSearchResults.swift */ = {isa = PBXFileReference; lastKnownFileType = sourcecode.swift; path = LNSearchResults.swift; sourceTree = "<group>"; };
		2697CF43235F810E00C8FB5A /* ListenNotesAPI.swift */ = {isa = PBXFileReference; lastKnownFileType = sourcecode.swift; path = ListenNotesAPI.swift; sourceTree = "<group>"; };
		2697CF45235F81E900C8FB5A /* LNError.swift */ = {isa = PBXFileReference; lastKnownFileType = sourcecode.swift; path = LNError.swift; sourceTree = "<group>"; };
		2697CF47235F833D00C8FB5A /* LNEndpoint.swift */ = {isa = PBXFileReference; lastKnownFileType = sourcecode.swift; path = LNEndpoint.swift; sourceTree = "<group>"; };
		2697CF49235F8A2300C8FB5A /* HTTPMethod.swift */ = {isa = PBXFileReference; lastKnownFileType = sourcecode.swift; path = HTTPMethod.swift; sourceTree = "<group>"; };
		2697CF4B235F8B0A00C8FB5A /* ListenNotesAPI+Config.swift */ = {isa = PBXFileReference; lastKnownFileType = sourcecode.swift; path = "ListenNotesAPI+Config.swift"; sourceTree = "<group>"; };
		2697CF4D235F8D9600C8FB5A /* LNService.swift */ = {isa = PBXFileReference; lastKnownFileType = sourcecode.swift; path = LNService.swift; sourceTree = "<group>"; };
		2697CF51235F983A00C8FB5A /* LNSearchFilter.swift */ = {isa = PBXFileReference; fileEncoding = 4; lastKnownFileType = sourcecode.swift; path = LNSearchFilter.swift; sourceTree = "<group>"; };
		2697CF59235FBA5000C8FB5A /* Secrets.swift */ = {isa = PBXFileReference; lastKnownFileType = sourcecode.swift; path = Secrets.swift; sourceTree = "<group>"; };
		2697CF5B235FC33500C8FB5A /* LNPodcastExtras.swift */ = {isa = PBXFileReference; lastKnownFileType = sourcecode.swift; path = LNPodcastExtras.swift; sourceTree = "<group>"; };
		2697CF5D2360ABD900C8FB5A /* ListenNotesAPI+Podcasts.swift */ = {isa = PBXFileReference; lastKnownFileType = sourcecode.swift; path = "ListenNotesAPI+Podcasts.swift"; sourceTree = "<group>"; };
		2697CF612360AC2000C8FB5A /* ListenNotesAPI+Regions.swift */ = {isa = PBXFileReference; lastKnownFileType = sourcecode.swift; path = "ListenNotesAPI+Regions.swift"; sourceTree = "<group>"; };
		2697CF632360AC2F00C8FB5A /* ListenNotesAPI+Genres.swift */ = {isa = PBXFileReference; lastKnownFileType = sourcecode.swift; path = "ListenNotesAPI+Genres.swift"; sourceTree = "<group>"; };
		2697CF652360AC3800C8FB5A /* ListenNotesAPI+Languages.swift */ = {isa = PBXFileReference; lastKnownFileType = sourcecode.swift; path = "ListenNotesAPI+Languages.swift"; sourceTree = "<group>"; };
		2697CF672360AC4100C8FB5A /* ListenNotesAPI+Search.swift */ = {isa = PBXFileReference; lastKnownFileType = sourcecode.swift; path = "ListenNotesAPI+Search.swift"; sourceTree = "<group>"; };
		2697CF692360AC4900C8FB5A /* ListenNotesAPI+Episodes.swift */ = {isa = PBXFileReference; lastKnownFileType = sourcecode.swift; path = "ListenNotesAPI+Episodes.swift"; sourceTree = "<group>"; };
		2697CF6C2360B09F00C8FB5A /* Convert.swift */ = {isa = PBXFileReference; lastKnownFileType = sourcecode.swift; path = Convert.swift; sourceTree = "<group>"; };
/* End PBXFileReference section */

/* Begin PBXFrameworksBuildPhase section */
		2697CF14235F786200C8FB5A /* Frameworks */ = {
			isa = PBXFrameworksBuildPhase;
			buildActionMask = 2147483647;
			files = (
			);
			runOnlyForDeploymentPostprocessing = 0;
		};
		2697CF1D235F786200C8FB5A /* Frameworks */ = {
			isa = PBXFrameworksBuildPhase;
			buildActionMask = 2147483647;
			files = (
				2697CF21235F786200C8FB5A /* ListenNotesAPI.framework in Frameworks */,
			);
			runOnlyForDeploymentPostprocessing = 0;
		};
/* End PBXFrameworksBuildPhase section */

/* Begin PBXGroup section */
		2697CF0D235F786100C8FB5A = {
			isa = PBXGroup;
			children = (
				2697CF19235F786200C8FB5A /* ListenNotesAPI */,
				2697CF24235F786200C8FB5A /* ListenNotesAPITests */,
				2697CF18235F786200C8FB5A /* Products */,
			);
			sourceTree = "<group>";
		};
		2697CF18235F786200C8FB5A /* Products */ = {
			isa = PBXGroup;
			children = (
				2697CF17235F786200C8FB5A /* ListenNotesAPI.framework */,
				2697CF20235F786200C8FB5A /* ListenNotesAPITests.xctest */,
			);
			name = Products;
			sourceTree = "<group>";
		};
		2697CF19235F786200C8FB5A /* ListenNotesAPI */ = {
			isa = PBXGroup;
			children = (
				2697CF1A235F786200C8FB5A /* ListenNotesAPI.h */,
				2697CF43235F810E00C8FB5A /* ListenNotesAPI.swift */,
				2697CF4B235F8B0A00C8FB5A /* ListenNotesAPI+Config.swift */,
				2697CF602360ABE700C8FB5A /* API Calls */,
				2697CF6B2360AD6C00C8FB5A /* Networking */,
				2697CF3B235F7F2D00C8FB5A /* Model */,
				2697CF1B235F786200C8FB5A /* Info.plist */,
			);
			path = ListenNotesAPI;
			sourceTree = "<group>";
		};
		2697CF24235F786200C8FB5A /* ListenNotesAPITests */ = {
			isa = PBXGroup;
			children = (
				2697CF25235F786200C8FB5A /* ListenNotesAPITests.swift */,
				2697CF59235FBA5000C8FB5A /* Secrets.swift */,
				2697CF27235F786200C8FB5A /* Info.plist */,
			);
			path = ListenNotesAPITests;
			sourceTree = "<group>";
		};
		2697CF3B235F7F2D00C8FB5A /* Model */ = {
			isa = PBXGroup;
			children = (
				2697CF31235F787A00C8FB5A /* LNPodcast.swift */,
				2697CF5B235FC33500C8FB5A /* LNPodcastExtras.swift */,
				2697CF33235F7B6300C8FB5A /* LNEpisode.swift */,
				2697CF39235F7EE900C8FB5A /* LNGenre.swift */,
				2697CF3D235F7F6E00C8FB5A /* LNRegion.swift */,
				2697CF3F235F7FC600C8FB5A /* LNTypeahead.swift */,
				2697CF41235F803500C8FB5A /* LNSearchResults.swift */,
				2697CF51235F983A00C8FB5A /* LNSearchFilter.swift */,
				2697CF3C235F7F3300C8FB5A /* Extensions */,
			);
			path = Model;
			sourceTree = "<group>";
		};
		2697CF3C235F7F3300C8FB5A /* Extensions */ = {
			isa = PBXGroup;
			children = (
				2697CF35235F7D6500C8FB5A /* LNPodcast+Extensions.swift */,
				2697CF37235F7D6F00C8FB5A /* LNEpisode+Extensions.swift */,
			);
			path = Extensions;
			sourceTree = "<group>";
		};
		2697CF602360ABE700C8FB5A /* API Calls */ = {
			isa = PBXGroup;
			children = (
				2697CF672360AC4100C8FB5A /* ListenNotesAPI+Search.swift */,
				2697CF5D2360ABD900C8FB5A /* ListenNotesAPI+Podcasts.swift */,
				2697CF692360AC4900C8FB5A /* ListenNotesAPI+Episodes.swift */,
				2697CF632360AC2F00C8FB5A /* ListenNotesAPI+Genres.swift */,
				2697CF612360AC2000C8FB5A /* ListenNotesAPI+Regions.swift */,
				2697CF652360AC3800C8FB5A /* ListenNotesAPI+Languages.swift */,
			);
			path = "API Calls";
			sourceTree = "<group>";
		};
		2697CF6B2360AD6C00C8FB5A /* Networking */ = {
			isa = PBXGroup;
			children = (
				2697CF45235F81E900C8FB5A /* LNError.swift */,
				2697CF47235F833D00C8FB5A /* LNEndpoint.swift */,
				2697CF4D235F8D9600C8FB5A /* LNService.swift */,
				2697CF49235F8A2300C8FB5A /* HTTPMethod.swift */,
				2697CF6C2360B09F00C8FB5A /* Convert.swift */,
			);
			path = Networking;
			sourceTree = "<group>";
		};
/* End PBXGroup section */

/* Begin PBXHeadersBuildPhase section */
		2697CF12235F786200C8FB5A /* Headers */ = {
			isa = PBXHeadersBuildPhase;
			buildActionMask = 2147483647;
			files = (
				2697CF28235F786200C8FB5A /* ListenNotesAPI.h in Headers */,
			);
			runOnlyForDeploymentPostprocessing = 0;
		};
/* End PBXHeadersBuildPhase section */

/* Begin PBXNativeTarget section */
		2697CF16235F786200C8FB5A /* ListenNotesAPI */ = {
			isa = PBXNativeTarget;
			buildConfigurationList = 2697CF2B235F786200C8FB5A /* Build configuration list for PBXNativeTarget "ListenNotesAPI" */;
			buildPhases = (
				2697CF12235F786200C8FB5A /* Headers */,
				2697CF13235F786200C8FB5A /* Sources */,
				2697CF14235F786200C8FB5A /* Frameworks */,
				2697CF15235F786200C8FB5A /* Resources */,
			);
			buildRules = (
			);
			dependencies = (
			);
			name = ListenNotesAPI;
			productName = ListenNotesAPI;
			productReference = 2697CF17235F786200C8FB5A /* ListenNotesAPI.framework */;
			productType = "com.apple.product-type.framework";
		};
		2697CF1F235F786200C8FB5A /* ListenNotesAPITests */ = {
			isa = PBXNativeTarget;
			buildConfigurationList = 2697CF2E235F786200C8FB5A /* Build configuration list for PBXNativeTarget "ListenNotesAPITests" */;
			buildPhases = (
				2697CF1C235F786200C8FB5A /* Sources */,
				2697CF1D235F786200C8FB5A /* Frameworks */,
				2697CF1E235F786200C8FB5A /* Resources */,
			);
			buildRules = (
			);
			dependencies = (
				2697CF23235F786200C8FB5A /* PBXTargetDependency */,
			);
			name = ListenNotesAPITests;
			productName = ListenNotesAPITests;
			productReference = 2697CF20235F786200C8FB5A /* ListenNotesAPITests.xctest */;
			productType = "com.apple.product-type.bundle.unit-test";
		};
/* End PBXNativeTarget section */

/* Begin PBXProject section */
		2697CF0E235F786100C8FB5A /* Project object */ = {
			isa = PBXProject;
			attributes = {
				LastSwiftUpdateCheck = 1110;
				LastUpgradeCheck = 1110;
				ORGANIZATIONNAME = "Kasey Baughan";
				TargetAttributes = {
					2697CF16235F786200C8FB5A = {
						CreatedOnToolsVersion = 11.1;
						LastSwiftMigration = 1110;
					};
					2697CF1F235F786200C8FB5A = {
						CreatedOnToolsVersion = 11.1;
					};
				};
			};
			buildConfigurationList = 2697CF11235F786100C8FB5A /* Build configuration list for PBXProject "ListenNotesAPI" */;
			compatibilityVersion = "Xcode 9.3";
			developmentRegion = en;
			hasScannedForEncodings = 0;
			knownRegions = (
				en,
				Base,
			);
			mainGroup = 2697CF0D235F786100C8FB5A;
			productRefGroup = 2697CF18235F786200C8FB5A /* Products */;
			projectDirPath = "";
			projectRoot = "";
			targets = (
				2697CF16235F786200C8FB5A /* ListenNotesAPI */,
				2697CF1F235F786200C8FB5A /* ListenNotesAPITests */,
			);
		};
/* End PBXProject section */

/* Begin PBXResourcesBuildPhase section */
		2697CF15235F786200C8FB5A /* Resources */ = {
			isa = PBXResourcesBuildPhase;
			buildActionMask = 2147483647;
			files = (
			);
			runOnlyForDeploymentPostprocessing = 0;
		};
		2697CF1E235F786200C8FB5A /* Resources */ = {
			isa = PBXResourcesBuildPhase;
			buildActionMask = 2147483647;
			files = (
			);
			runOnlyForDeploymentPostprocessing = 0;
		};
/* End PBXResourcesBuildPhase section */

/* Begin PBXSourcesBuildPhase section */
		2697CF13235F786200C8FB5A /* Sources */ = {
			isa = PBXSourcesBuildPhase;
			buildActionMask = 2147483647;
			files = (
				2697CF46235F81E900C8FB5A /* LNError.swift in Sources */,
				2697CF6D2360B09F00C8FB5A /* Convert.swift in Sources */,
				2697CF4E235F8D9600C8FB5A /* LNService.swift in Sources */,
				2697CF36235F7D6500C8FB5A /* LNPodcast+Extensions.swift in Sources */,
				2697CF642360AC2F00C8FB5A /* ListenNotesAPI+Genres.swift in Sources */,
				2697CF662360AC3800C8FB5A /* ListenNotesAPI+Languages.swift in Sources */,
				2697CF3E235F7F6E00C8FB5A /* LNRegion.swift in Sources */,
				2697CF5C235FC33500C8FB5A /* LNPodcastExtras.swift in Sources */,
				2697CF682360AC4100C8FB5A /* ListenNotesAPI+Search.swift in Sources */,
				2697CF44235F810E00C8FB5A /* ListenNotesAPI.swift in Sources */,
				2697CF42235F803500C8FB5A /* LNSearchResults.swift in Sources */,
				2697CF40235F7FC600C8FB5A /* LNTypeahead.swift in Sources */,
				2697CF622360AC2000C8FB5A /* ListenNotesAPI+Regions.swift in Sources */,
				2697CF32235F787A00C8FB5A /* LNPodcast.swift in Sources */,
				2697CF4C235F8B0A00C8FB5A /* ListenNotesAPI+Config.swift in Sources */,
				2697CF3A235F7EE900C8FB5A /* LNGenre.swift in Sources */,
				2697CF53235F983A00C8FB5A /* LNSearchFilter.swift in Sources */,
				2697CF4A235F8A2300C8FB5A /* HTTPMethod.swift in Sources */,
				2697CF34235F7B6300C8FB5A /* LNEpisode.swift in Sources */,
				2697CF5E2360ABD900C8FB5A /* ListenNotesAPI+Podcasts.swift in Sources */,
				2697CF48235F833D00C8FB5A /* LNEndpoint.swift in Sources */,
				2697CF38235F7D6F00C8FB5A /* LNEpisode+Extensions.swift in Sources */,
				2697CF6A2360AC4900C8FB5A /* ListenNotesAPI+Episodes.swift in Sources */,
			);
			runOnlyForDeploymentPostprocessing = 0;
		};
		2697CF1C235F786200C8FB5A /* Sources */ = {
			isa = PBXSourcesBuildPhase;
			buildActionMask = 2147483647;
			files = (
				2697CF26235F786200C8FB5A /* ListenNotesAPITests.swift in Sources */,
				2697CF5A235FBA5000C8FB5A /* Secrets.swift in Sources */,
			);
			runOnlyForDeploymentPostprocessing = 0;
		};
/* End PBXSourcesBuildPhase section */

/* Begin PBXTargetDependency section */
		2697CF23235F786200C8FB5A /* PBXTargetDependency */ = {
			isa = PBXTargetDependency;
			target = 2697CF16235F786200C8FB5A /* ListenNotesAPI */;
			targetProxy = 2697CF22235F786200C8FB5A /* PBXContainerItemProxy */;
		};
/* End PBXTargetDependency section */

/* Begin XCBuildConfiguration section */
		2697CF29235F786200C8FB5A /* Debug */ = {
			isa = XCBuildConfiguration;
			buildSettings = {
				ALWAYS_SEARCH_USER_PATHS = NO;
				CLANG_ANALYZER_NONNULL = YES;
				CLANG_ANALYZER_NUMBER_OBJECT_CONVERSION = YES_AGGRESSIVE;
				CLANG_CXX_LANGUAGE_STANDARD = "gnu++14";
				CLANG_CXX_LIBRARY = "libc++";
				CLANG_ENABLE_MODULES = YES;
				CLANG_ENABLE_OBJC_ARC = YES;
				CLANG_ENABLE_OBJC_WEAK = YES;
				CLANG_WARN_BLOCK_CAPTURE_AUTORELEASING = YES;
				CLANG_WARN_BOOL_CONVERSION = YES;
				CLANG_WARN_COMMA = YES;
				CLANG_WARN_CONSTANT_CONVERSION = YES;
				CLANG_WARN_DEPRECATED_OBJC_IMPLEMENTATIONS = YES;
				CLANG_WARN_DIRECT_OBJC_ISA_USAGE = YES_ERROR;
				CLANG_WARN_DOCUMENTATION_COMMENTS = YES;
				CLANG_WARN_EMPTY_BODY = YES;
				CLANG_WARN_ENUM_CONVERSION = YES;
				CLANG_WARN_INFINITE_RECURSION = YES;
				CLANG_WARN_INT_CONVERSION = YES;
				CLANG_WARN_NON_LITERAL_NULL_CONVERSION = YES;
				CLANG_WARN_OBJC_IMPLICIT_RETAIN_SELF = YES;
				CLANG_WARN_OBJC_LITERAL_CONVERSION = YES;
				CLANG_WARN_OBJC_ROOT_CLASS = YES_ERROR;
				CLANG_WARN_RANGE_LOOP_ANALYSIS = YES;
				CLANG_WARN_STRICT_PROTOTYPES = YES;
				CLANG_WARN_SUSPICIOUS_MOVE = YES;
				CLANG_WARN_UNGUARDED_AVAILABILITY = YES_AGGRESSIVE;
				CLANG_WARN_UNREACHABLE_CODE = YES;
				CLANG_WARN__DUPLICATE_METHOD_MATCH = YES;
				COPY_PHASE_STRIP = NO;
				CURRENT_PROJECT_VERSION = 1;
				DEBUG_INFORMATION_FORMAT = dwarf;
				ENABLE_STRICT_OBJC_MSGSEND = YES;
				ENABLE_TESTABILITY = YES;
				GCC_C_LANGUAGE_STANDARD = gnu11;
				GCC_DYNAMIC_NO_PIC = NO;
				GCC_NO_COMMON_BLOCKS = YES;
				GCC_OPTIMIZATION_LEVEL = 0;
				GCC_PREPROCESSOR_DEFINITIONS = (
					"DEBUG=1",
					"$(inherited)",
				);
				GCC_WARN_64_TO_32_BIT_CONVERSION = YES;
				GCC_WARN_ABOUT_RETURN_TYPE = YES_ERROR;
				GCC_WARN_UNDECLARED_SELECTOR = YES;
				GCC_WARN_UNINITIALIZED_AUTOS = YES_AGGRESSIVE;
				GCC_WARN_UNUSED_FUNCTION = YES;
				GCC_WARN_UNUSED_VARIABLE = YES;
				IPHONEOS_DEPLOYMENT_TARGET = 13.1;
				MTL_ENABLE_DEBUG_INFO = INCLUDE_SOURCE;
				MTL_FAST_MATH = YES;
				ONLY_ACTIVE_ARCH = YES;
				SDKROOT = iphoneos;
				SWIFT_ACTIVE_COMPILATION_CONDITIONS = DEBUG;
				SWIFT_OPTIMIZATION_LEVEL = "-Onone";
				VERSIONING_SYSTEM = "apple-generic";
				VERSION_INFO_PREFIX = "";
			};
			name = Debug;
		};
		2697CF2A235F786200C8FB5A /* Release */ = {
			isa = XCBuildConfiguration;
			buildSettings = {
				ALWAYS_SEARCH_USER_PATHS = NO;
				CLANG_ANALYZER_NONNULL = YES;
				CLANG_ANALYZER_NUMBER_OBJECT_CONVERSION = YES_AGGRESSIVE;
				CLANG_CXX_LANGUAGE_STANDARD = "gnu++14";
				CLANG_CXX_LIBRARY = "libc++";
				CLANG_ENABLE_MODULES = YES;
				CLANG_ENABLE_OBJC_ARC = YES;
				CLANG_ENABLE_OBJC_WEAK = YES;
				CLANG_WARN_BLOCK_CAPTURE_AUTORELEASING = YES;
				CLANG_WARN_BOOL_CONVERSION = YES;
				CLANG_WARN_COMMA = YES;
				CLANG_WARN_CONSTANT_CONVERSION = YES;
				CLANG_WARN_DEPRECATED_OBJC_IMPLEMENTATIONS = YES;
				CLANG_WARN_DIRECT_OBJC_ISA_USAGE = YES_ERROR;
				CLANG_WARN_DOCUMENTATION_COMMENTS = YES;
				CLANG_WARN_EMPTY_BODY = YES;
				CLANG_WARN_ENUM_CONVERSION = YES;
				CLANG_WARN_INFINITE_RECURSION = YES;
				CLANG_WARN_INT_CONVERSION = YES;
				CLANG_WARN_NON_LITERAL_NULL_CONVERSION = YES;
				CLANG_WARN_OBJC_IMPLICIT_RETAIN_SELF = YES;
				CLANG_WARN_OBJC_LITERAL_CONVERSION = YES;
				CLANG_WARN_OBJC_ROOT_CLASS = YES_ERROR;
				CLANG_WARN_RANGE_LOOP_ANALYSIS = YES;
				CLANG_WARN_STRICT_PROTOTYPES = YES;
				CLANG_WARN_SUSPICIOUS_MOVE = YES;
				CLANG_WARN_UNGUARDED_AVAILABILITY = YES_AGGRESSIVE;
				CLANG_WARN_UNREACHABLE_CODE = YES;
				CLANG_WARN__DUPLICATE_METHOD_MATCH = YES;
				COPY_PHASE_STRIP = NO;
				CURRENT_PROJECT_VERSION = 1;
				DEBUG_INFORMATION_FORMAT = "dwarf-with-dsym";
				ENABLE_NS_ASSERTIONS = NO;
				ENABLE_STRICT_OBJC_MSGSEND = YES;
				GCC_C_LANGUAGE_STANDARD = gnu11;
				GCC_NO_COMMON_BLOCKS = YES;
				GCC_WARN_64_TO_32_BIT_CONVERSION = YES;
				GCC_WARN_ABOUT_RETURN_TYPE = YES_ERROR;
				GCC_WARN_UNDECLARED_SELECTOR = YES;
				GCC_WARN_UNINITIALIZED_AUTOS = YES_AGGRESSIVE;
				GCC_WARN_UNUSED_FUNCTION = YES;
				GCC_WARN_UNUSED_VARIABLE = YES;
				IPHONEOS_DEPLOYMENT_TARGET = 13.1;
				MTL_ENABLE_DEBUG_INFO = NO;
				MTL_FAST_MATH = YES;
				SDKROOT = iphoneos;
				SWIFT_COMPILATION_MODE = wholemodule;
				SWIFT_OPTIMIZATION_LEVEL = "-O";
				VALIDATE_PRODUCT = YES;
				VERSIONING_SYSTEM = "apple-generic";
				VERSION_INFO_PREFIX = "";
			};
			name = Release;
		};
		2697CF2C235F786200C8FB5A /* Debug */ = {
			isa = XCBuildConfiguration;
			buildSettings = {
				CLANG_ENABLE_MODULES = YES;
				CODE_SIGN_STYLE = Automatic;
				DEFINES_MODULE = YES;
				DYLIB_COMPATIBILITY_VERSION = 1;
				DYLIB_CURRENT_VERSION = 1;
				DYLIB_INSTALL_NAME_BASE = "@rpath";
				INFOPLIST_FILE = ListenNotesAPI/Info.plist;
				INSTALL_PATH = "$(LOCAL_LIBRARY_DIR)/Frameworks";
				LD_RUNPATH_SEARCH_PATHS = (
					"$(inherited)",
					"@executable_path/Frameworks",
					"@loader_path/Frameworks",
				);
				PRODUCT_BUNDLE_IDENTIFIER = com.kaseybaughan.ListenNotesAPI;
				PRODUCT_NAME = "$(TARGET_NAME:c99extidentifier)";
				SKIP_INSTALL = YES;
				SWIFT_OPTIMIZATION_LEVEL = "-Onone";
				SWIFT_VERSION = 5.0;
				TARGETED_DEVICE_FAMILY = "1,2";
			};
			name = Debug;
		};
		2697CF2D235F786200C8FB5A /* Release */ = {
			isa = XCBuildConfiguration;
			buildSettings = {
				CLANG_ENABLE_MODULES = YES;
				CODE_SIGN_STYLE = Automatic;
				DEFINES_MODULE = YES;
				DYLIB_COMPATIBILITY_VERSION = 1;
				DYLIB_CURRENT_VERSION = 1;
				DYLIB_INSTALL_NAME_BASE = "@rpath";
				INFOPLIST_FILE = ListenNotesAPI/Info.plist;
				INSTALL_PATH = "$(LOCAL_LIBRARY_DIR)/Frameworks";
				LD_RUNPATH_SEARCH_PATHS = (
					"$(inherited)",
					"@executable_path/Frameworks",
					"@loader_path/Frameworks",
				);
				PRODUCT_BUNDLE_IDENTIFIER = com.kaseybaughan.ListenNotesAPI;
				PRODUCT_NAME = "$(TARGET_NAME:c99extidentifier)";
				SKIP_INSTALL = YES;
				SWIFT_VERSION = 5.0;
				TARGETED_DEVICE_FAMILY = "1,2";
			};
			name = Release;
		};
		2697CF2F235F786200C8FB5A /* Debug */ = {
			isa = XCBuildConfiguration;
			buildSettings = {
				ALWAYS_EMBED_SWIFT_STANDARD_LIBRARIES = YES;
				CODE_SIGN_STYLE = Automatic;
				INFOPLIST_FILE = ListenNotesAPITests/Info.plist;
				LD_RUNPATH_SEARCH_PATHS = (
					"$(inherited)",
					"@executable_path/Frameworks",
					"@loader_path/Frameworks",
				);
				PRODUCT_BUNDLE_IDENTIFIER = com.kaseybaughan.ListenNotesAPITests;
				PRODUCT_NAME = "$(TARGET_NAME)";
				SWIFT_VERSION = 5.0;
				TARGETED_DEVICE_FAMILY = "1,2";
			};
			name = Debug;
		};
		2697CF30235F786200C8FB5A /* Release */ = {
			isa = XCBuildConfiguration;
			buildSettings = {
				ALWAYS_EMBED_SWIFT_STANDARD_LIBRARIES = YES;
				CODE_SIGN_STYLE = Automatic;
				INFOPLIST_FILE = ListenNotesAPITests/Info.plist;
				LD_RUNPATH_SEARCH_PATHS = (
					"$(inherited)",
					"@executable_path/Frameworks",
					"@loader_path/Frameworks",
				);
				PRODUCT_BUNDLE_IDENTIFIER = com.kaseybaughan.ListenNotesAPITests;
				PRODUCT_NAME = "$(TARGET_NAME)";
				SWIFT_VERSION = 5.0;
				TARGETED_DEVICE_FAMILY = "1,2";
			};
			name = Release;
		};
/* End XCBuildConfiguration section */

/* Begin XCConfigurationList section */
		2697CF11235F786100C8FB5A /* Build configuration list for PBXProject "ListenNotesAPI" */ = {
			isa = XCConfigurationList;
			buildConfigurations = (
				2697CF29235F786200C8FB5A /* Debug */,
				2697CF2A235F786200C8FB5A /* Release */,
			);
			defaultConfigurationIsVisible = 0;
			defaultConfigurationName = Release;
		};
		2697CF2B235F786200C8FB5A /* Build configuration list for PBXNativeTarget "ListenNotesAPI" */ = {
			isa = XCConfigurationList;
			buildConfigurations = (
				2697CF2C235F786200C8FB5A /* Debug */,
				2697CF2D235F786200C8FB5A /* Release */,
			);
			defaultConfigurationIsVisible = 0;
			defaultConfigurationName = Release;
		};
		2697CF2E235F786200C8FB5A /* Build configuration list for PBXNativeTarget "ListenNotesAPITests" */ = {
			isa = XCConfigurationList;
			buildConfigurations = (
				2697CF2F235F786200C8FB5A /* Debug */,
				2697CF30235F786200C8FB5A /* Release */,
			);
			defaultConfigurationIsVisible = 0;
			defaultConfigurationName = Release;
		};
/* End XCConfigurationList section */
	};
	rootObject = 2697CF0E235F786100C8FB5A /* Project object */;
}
